{
  "originHash" : "15f158af2d81ba96159f6fcb660032371d378177cc06bc95b68520dd2c5f6caa",
  "pins" : [
    {
      "identity" : "alamofire",
      "kind" : "remoteSourceControl",
      "location" : "https://github.com/Alamofire/Alamofire",
      "state" : {
        "revision" : "513364f870f6bfc468f9d2ff0a95caccc10044c5",
        "version" : "5.10.2"
      }
    },
    {
      "identity" : "jwtdecode.swift",
      "kind" : "remoteSourceControl",
      "location" : "https://github.com/auth0/JWTDecode.swift.git",
      "state" : {
        "revision" : "36a5ce735a61c4bc119593f43ce2c027b4ca7392",
        "version" : "3.3.0"
      }
    }
  ],
  "version" : 3
}
